
Microsoft Visual Studio Solution File, Format Version 12.00
# Visual Studio Version 17
VisualStudioVersion = 17.11.35219.272
MinimumVisualStudioVersion = 10.0.40219.1
Project("{FAE04EC0-301F-11D3-BF4B-00C04F79EFBC}") = "Calculator", "Calculator\Calculator.csproj", "{1AF296FF-6B6E-40E0-9846-C66234D89E2C}"
EndProject
Global
	GlobalSection(SolutionConfigurationPlatforms) = preSolution
		Debug|Any CPU = Debug|Any CPU
		Release|Any CPU = Release|Any CPU
	EndGlobalSection
	GlobalSection(ProjectConfigurationPlatforms) = postSolution
		{1AF296FF-6B6E-40E0-9846-C66234D89E2C}.Debug|Any CPU.ActiveCfg = Debug|Any CPU
		{1AF296FF-6B6E-40E0-9846-C66234D89E2C}.Debug|Any CPU.Build.0 = Debug|Any CPU
		{1AF296FF-6B6E-40E0-9846-C66234D89E2C}.Release|Any CPU.ActiveCfg = Release|Any CPU
		{1AF296FF-6B6E-40E0-9846-C66234D89E2C}.Release|Any CPU.Build.0 = Release|Any CPU
	EndGlobalSection
	GlobalSection(SolutionProperties) = preSolution
		HideSolutionNode = FALSE
	EndGlobalSection
	GlobalSection(ExtensibilityGlobals) = postSolution
		SolutionGuid = {5A69EFFB-B42C-49B6-B466-2D0A88023CAF}
	EndGlobalSection
EndGlobal
